
Microsoft Visual Studio Solution File, Format Version 12.00
# Visual Studio Version 17
VisualStudioVersion = 17.10.35004.147
MinimumVisualStudioVersion = 10.0.40219.1
Project("{FAE04EC0-301F-11D3-BF4B-00C04F79EFBC}") = "Backend.API.RESTful", "Backend.API.RESTful\Backend.API.RESTful.csproj", "{3E9FEC24-2A47-46BB-93D8-D4A37CE1E034}"
EndProject
Project("{FAE04EC0-301F-11D3-BF4B-00C04F79EFBC}") = "Backend.Services", "Backend.Services\Backend.Services.csproj", "{0DE96D7E-0F77-4D9C-BE98-898454D2536C}"
EndProject
Project("{FAE04EC0-301F-11D3-BF4B-00C04F79EFBC}") = "Frontend.Web.App.Admin", "Frontend.Web.App.Admin\Frontend.Web.App.Admin.csproj", "{FC8199C3-EE92-4D3C-AD22-12E25760203A}"
EndProject
Project("{FAE04EC0-301F-11D3-BF4B-00C04F79EFBC}") = "Frontend.Web.App.User", "Frontend.Web.App.User\Frontend.Web.App.User.csproj", "{596B1AA9-3841-44DF-8036-8F1992B46870}"
EndProject
Global
	GlobalSection(SolutionConfigurationPlatforms) = preSolution
		Debug|Any CPU = Debug|Any CPU
		Release|Any CPU = Release|Any CPU
	EndGlobalSection
	GlobalSection(ProjectConfigurationPlatforms) = postSolution
		{3E9FEC24-2A47-46BB-93D8-D4A37CE1E034}.Debug|Any CPU.ActiveCfg = Debug|Any CPU
		{3E9FEC24-2A47-46BB-93D8-D4A37CE1E034}.Debug|Any CPU.Build.0 = Debug|Any CPU
		{3E9FEC24-2A47-46BB-93D8-D4A37CE1E034}.Release|Any CPU.ActiveCfg = Release|Any CPU
		{3E9FEC24-2A47-46BB-93D8-D4A37CE1E034}.Release|Any CPU.Build.0 = Release|Any CPU
		{0DE96D7E-0F77-4D9C-BE98-898454D2536C}.Debug|Any CPU.ActiveCfg = Debug|Any CPU
		{0DE96D7E-0F77-4D9C-BE98-898454D2536C}.Debug|Any CPU.Build.0 = Debug|Any CPU
		{0DE96D7E-0F77-4D9C-BE98-898454D2536C}.Release|Any CPU.ActiveCfg = Release|Any CPU
		{0DE96D7E-0F77-4D9C-BE98-898454D2536C}.Release|Any CPU.Build.0 = Release|Any CPU
		{FC8199C3-EE92-4D3C-AD22-12E25760203A}.Debug|Any CPU.ActiveCfg = Debug|Any CPU
		{FC8199C3-EE92-4D3C-AD22-12E25760203A}.Debug|Any CPU.Build.0 = Debug|Any CPU
		{FC8199C3-EE92-4D3C-AD22-12E25760203A}.Release|Any CPU.ActiveCfg = Release|Any CPU
		{FC8199C3-EE92-4D3C-AD22-12E25760203A}.Release|Any CPU.Build.0 = Release|Any CPU
		{596B1AA9-3841-44DF-8036-8F1992B46870}.Debug|Any CPU.ActiveCfg = Debug|Any CPU
		{596B1AA9-3841-44DF-8036-8F1992B46870}.Debug|Any CPU.Build.0 = Debug|Any CPU
		{596B1AA9-3841-44DF-8036-8F1992B46870}.Release|Any CPU.ActiveCfg = Release|Any CPU
		{596B1AA9-3841-44DF-8036-8F1992B46870}.Release|Any CPU.Build.0 = Release|Any CPU
	EndGlobalSection
	GlobalSection(SolutionProperties) = preSolution
		HideSolutionNode = FALSE
	EndGlobalSection
	GlobalSection(ExtensibilityGlobals) = postSolution
		SolutionGuid = {AE437E29-B558-4923-AFB2-110ABBF8430E}
	EndGlobalSection
EndGlobal
